// !$*UTF8*$!
{
	archiveVersion = 1;
	classes = {
	};
	objectVersion = 55;
	objects = {

/* Begin PBXBuildFile section */
		20A26BDA28E14AA700ADB860 /* AppDelegate.m in Sources */ = {isa = PBXBuildFile; fileRef = 20A26BD928E14AA700ADB860 /* AppDelegate.m */; };
		20A26BDD28E14AA700ADB860 /* SceneDelegate.m in Sources */ = {isa = PBXBuildFile; fileRef = 20A26BDC28E14AA700ADB860 /* SceneDelegate.m */; };
		20A26BE028E14AA700ADB860 /* ViewController.m in Sources */ = {isa = PBXBuildFile; fileRef = 20A26BDF28E14AA700ADB860 /* ViewController.m */; };
		20A26BE328E14AA700ADB860 /* Main.storyboard in Resources */ = {isa = PBXBuildFile; fileRef = 20A26BE128E14AA700ADB860 /* Main.storyboard */; };
		20A26BE528E14AA800ADB860 /* Assets.xcassets in Resources */ = {isa = PBXBuildFile; fileRef = 20A26BE428E14AA800ADB860 /* Assets.xcassets */; };
		20A26BE828E14AA800ADB860 /* LaunchScreen.storyboard in Resources */ = {isa = PBXBuildFile; fileRef = 20A26BE628E14AA800ADB860 /* LaunchScreen.storyboard */; };
		20A26BEB28E14AA800ADB860 /* main.m in Sources */ = {isa = PBXBuildFile; fileRef = 20A26BEA28E14AA800ADB860 /* main.m */; };
		20A26C1528E14BAB00ADB860 /* GCDAsyncSocket.m in Sources */ = {isa = PBXBuildFile; fileRef = 20A26C1328E14BAB00ADB860 /* GCDAsyncSocket.m */; };
		20A26C1628E14BAB00ADB860 /* GCDAsyncUdpSocket.m in Sources */ = {isa = PBXBuildFile; fileRef = 20A26C1428E14BAB00ADB860 /* GCDAsyncUdpSocket.m */; };
		20A26C1928E1896000ADB860 /* ChatHandler.m in Sources */ = {isa = PBXBuildFile; fileRef = 20A26C1828E1896000ADB860 /* ChatHandler.m */; };
/* End PBXBuildFile section */

/* Begin PBXFileReference section */
		20A26BD528E14AA700ADB860 /* ASyncSockdDemo.app */ = {isa = PBXFileReference; explicitFileType = wrapper.application; includeInIndex = 0; path = ASyncSockdDemo.app; sourceTree = BUILT_PRODUCTS_DIR; };
		20A26BD828E14AA700ADB860 /* AppDelegate.h */ = {isa = PBXFileReference; lastKnownFileType = sourcecode.c.h; path = AppDelegate.h; sourceTree = "<group>"; };
		20A26BD928E14AA700ADB860 /* AppDelegate.m */ = {isa = PBXFileReference; lastKnownFileType = sourcecode.c.objc; path = AppDelegate.m; sourceTree = "<group>"; };
		20A26BDB28E14AA700ADB860 /* SceneDelegate.h */ = {isa = PBXFileReference; lastKnownFileType = sourcecode.c.h; path = SceneDelegate.h; sourceTree = "<group>"; };
		20A26BDC28E14AA700ADB860 /* SceneDelegate.m */ = {isa = PBXFileReference; lastKnownFileType = sourcecode.c.objc; path = SceneDelegate.m; sourceTree = "<group>"; };
		20A26BDE28E14AA700ADB860 /* ViewController.h */ = {isa = PBXFileReference; lastKnownFileType = sourcecode.c.h; path = ViewController.h; sourceTree = "<group>"; };
		20A26BDF28E14AA700ADB860 /* ViewController.m */ = {isa = PBXFileReference; lastKnownFileType = sourcecode.c.objc; path = ViewController.m; sourceTree = "<group>"; };
		20A26BE228E14AA700ADB860 /* Base */ = {isa = PBXFileReference; lastKnownFileType = file.storyboard; name = Base; path = Base.lproj/Main.storyboard; sourceTree = "<group>"; };
		20A26BE428E14AA800ADB860 /* Assets.xcassets */ = {isa = PBXFileReference; lastKnownFileType = folder.assetcatalog; path = Assets.xcassets; sourceTree = "<group>"; };
		20A26BE728E14AA800ADB860 /* Base */ = {isa = PBXFileReference; lastKnownFileType = file.storyboard; name = Base; path = Base.lproj/LaunchScreen.storyboard; sourceTree = "<group>"; };
		20A26BE928E14AA800ADB860 /* Info.plist */ = {isa = PBXFileReference; lastKnownFileType = text.plist.xml; path = Info.plist; sourceTree = "<group>"; };
		20A26BEA28E14AA800ADB860 /* main.m */ = {isa = PBXFileReference; lastKnownFileType = sourcecode.c.objc; path = main.m; sourceTree = "<group>"; };
		20A26C1128E14BAB00ADB860 /* GCDAsyncUdpSocket.h */ = {isa = PBXFileReference; fileEncoding = 4; lastKnownFileType = sourcecode.c.h; path = GCDAsyncUdpSocket.h; sourceTree = "<group>"; };
		20A26C1228E14BAB00ADB860 /* GCDAsyncSocket.h */ = {isa = PBXFileReference; fileEncoding = 4; lastKnownFileType = sourcecode.c.h; path = GCDAsyncSocket.h; sourceTree = "<group>"; };
		20A26C1328E14BAB00ADB860 /* GCDAsyncSocket.m */ = {isa = PBXFileReference; fileEncoding = 4; lastKnownFileType = sourcecode.c.objc; path = GCDAsyncSocket.m; sourceTree = "<group>"; };
		20A26C1428E14BAB00ADB860 /* GCDAsyncUdpSocket.m */ = {isa = PBXFileReference; fileEncoding = 4; lastKnownFileType = sourcecode.c.objc; path = GCDAsyncUdpSocket.m; sourceTree = "<group>"; };
		20A26C1728E1896000ADB860 /* ChatHandler.h */ = {isa = PBXFileReference; lastKnownFileType = sourcecode.c.h; path = ChatHandler.h; sourceTree = "<group>"; };
		20A26C1828E1896000ADB860 /* ChatHandler.m */ = {isa = PBXFileReference; lastKnownFileType = sourcecode.c.objc; path = ChatHandler.m; sourceTree = "<group>"; };
/* End PBXFileReference section */

/* Begin PBXFrameworksBuildPhase section */
		20A26BD228E14AA700ADB860 /* Frameworks */ = {
			isa = PBXFrameworksBuildPhase;
			buildActionMask = 2147483647;
			files = (
			);
			runOnlyForDeploymentPostprocessing = 0;
		};
/* End PBXFrameworksBuildPhase section */

/* Begin PBXGroup section */
		20A26BCC28E14AA700ADB860 = {
			isa = PBXGroup;
			children = (
				20A26BD728E14AA700ADB860 /* ASyncSockdDemo */,
				20A26BD628E14AA700ADB860 /* Products */,
			);
			sourceTree = "<group>";
		};
		20A26BD628E14AA700ADB860 /* Products */ = {
			isa = PBXGroup;
			children = (
				20A26BD528E14AA700ADB860 /* ASyncSockdDemo.app */,
			);
			name = Products;
			sourceTree = "<group>";
		};
		20A26BD728E14AA700ADB860 /* ASyncSockdDemo */ = {
			isa = PBXGroup;
			children = (
				20A26C1228E14BAB00ADB860 /* GCDAsyncSocket.h */,
				20A26C1328E14BAB00ADB860 /* GCDAsyncSocket.m */,
				20A26C1128E14BAB00ADB860 /* GCDAsyncUdpSocket.h */,
				20A26C1428E14BAB00ADB860 /* GCDAsyncUdpSocket.m */,
				20A26BD828E14AA700ADB860 /* AppDelegate.h */,
				20A26BD928E14AA700ADB860 /* AppDelegate.m */,
				20A26BDB28E14AA700ADB860 /* SceneDelegate.h */,
				20A26BDC28E14AA700ADB860 /* SceneDelegate.m */,
				20A26BDE28E14AA700ADB860 /* ViewController.h */,
				20A26BDF28E14AA700ADB860 /* ViewController.m */,
				20A26C1728E1896000ADB860 /* ChatHandler.h */,
				20A26C1828E1896000ADB860 /* ChatHandler.m */,
				20A26BE128E14AA700ADB860 /* Main.storyboard */,
				20A26BE428E14AA800ADB860 /* Assets.xcassets */,
				20A26BE628E14AA800ADB860 /* LaunchScreen.storyboard */,
				20A26BE928E14AA800ADB860 /* Info.plist */,
				20A26BEA28E14AA800ADB860 /* main.m */,
			);
			path = ASyncSockdDemo;
			sourceTree = "<group>";
		};
/* End PBXGroup section */

/* Begin PBXNativeTarget section */
		20A26BD428E14AA700ADB860 /* ASyncSockdDemo */ = {
			isa = PBXNativeTarget;
			buildConfigurationList = 20A26BEE28E14AA800ADB860 /* Build configuration list for PBXNativeTarget "ASyncSockdDemo" */;
			buildPhases = (
				20A26BD128E14AA700ADB860 /* Sources */,
				20A26BD228E14AA700ADB860 /* Frameworks */,
				20A26BD328E14AA700ADB860 /* Resources */,
			);
			buildRules = (
			);
			dependencies = (
			);
			name = ASyncSockdDemo;
			productName = ASyncSockdDemo;
			productReference = 20A26BD528E14AA700ADB860 /* ASyncSockdDemo.app */;
			productType = "com.apple.product-type.application";
		};
/* End PBXNativeTarget section */

/* Begin PBXProject section */
		20A26BCD28E14AA700ADB860 /* Project object */ = {
			isa = PBXProject;
			attributes = {
				BuildIndependentTargetsInParallel = 1;
				LastUpgradeCheck = 1320;
				TargetAttributes = {
					20A26BD428E14AA700ADB860 = {
						CreatedOnToolsVersion = 13.2;
					};
				};
			};
			buildConfigurationList = 20A26BD028E14AA700ADB860 /* Build configuration list for PBXProject "ASyncSockdDemo" */;
			compatibilityVersion = "Xcode 13.0";
			developmentRegion = en;
			hasScannedForEncodings = 0;
			knownRegions = (
				en,
				Base,
			);
			mainGroup = 20A26BCC28E14AA700ADB860;
			productRefGroup = 20A26BD628E14AA700ADB860 /* Products */;
			projectDirPath = "";
			projectRoot = "";
			targets = (
				20A26BD428E14AA700ADB860 /* ASyncSockdDemo */,
			);
		};
/* End PBXProject section */

/* Begin PBXResourcesBuildPhase section */
		20A26BD328E14AA700ADB860 /* Resources */ = {
			isa = PBXResourcesBuildPhase;
			buildActionMask = 2147483647;
			files = (
				20A26BE828E14AA800ADB860 /* LaunchScreen.storyboard in Resources */,
				20A26BE528E14AA800ADB860 /* Assets.xcassets in Resources */,
				20A26BE328E14AA700ADB860 /* Main.storyboard in Resources */,
			);
			runOnlyForDeploymentPostprocessing = 0;
		};
/* End PBXResourcesBuildPhase section */

/* Begin PBXSourcesBuildPhase section */
		20A26BD128E14AA700ADB860 /* Sources */ = {
			isa = PBXSourcesBuildPhase;
			buildActionMask = 2147483647;
			files = (
				20A26BE028E14AA700ADB860 /* ViewController.m in Sources */,
				20A26C1928E1896000ADB860 /* ChatHandler.m in Sources */,
				20A26C1528E14BAB00ADB860 /* GCDAsyncSocket.m in Sources */,
				20A26BDA28E14AA700ADB860 /* AppDelegate.m in Sources */,
				20A26BEB28E14AA800ADB860 /* main.m in Sources */,
				20A26C1628E14BAB00ADB860 /* GCDAsyncUdpSocket.m in Sources */,
				20A26BDD28E14AA700ADB860 /* SceneDelegate.m in Sources */,
			);
			runOnlyForDeploymentPostprocessing = 0;
		};
/* End PBXSourcesBuildPhase section */

/* Begin PBXVariantGroup section */
		20A26BE128E14AA700ADB860 /* Main.storyboard */ = {
			isa = PBXVariantGroup;
			children = (
				20A26BE228E14AA700ADB860 /* Base */,
			);
			name = Main.storyboard;
			sourceTree = "<group>";
		};
		20A26BE628E14AA800ADB860 /* LaunchScreen.storyboard */ = {
			isa = PBXVariantGroup;
			children = (
				20A26BE728E14AA800ADB860 /* Base */,
			);
			name = LaunchScreen.storyboard;
			sourceTree = "<group>";
		};
/* End PBXVariantGroup section */

/* Begin XCBuildConfiguration section */
		20A26BEC28E14AA800ADB860 /* Debug */ = {
			isa = XCBuildConfiguration;
			buildSettings = {
				ALWAYS_SEARCH_USER_PATHS = NO;
				CLANG_ANALYZER_NONNULL = YES;
				CLANG_ANALYZER_NUMBER_OBJECT_CONVERSION = YES_AGGRESSIVE;
				CLANG_CXX_LANGUAGE_STANDARD = "gnu++17";
				CLANG_CXX_LIBRARY = "libc++";
				CLANG_ENABLE_MODULES = YES;
				CLANG_ENABLE_OBJC_ARC = YES;
				CLANG_ENABLE_OBJC_WEAK = YES;
				CLANG_WARN_BLOCK_CAPTURE_AUTORELEASING = YES;
				CLANG_WARN_BOOL_CONVERSION = YES;
				CLANG_WARN_COMMA = YES;
				CLANG_WARN_CONSTANT_CONVERSION = YES;
				CLANG_WARN_DEPRECATED_OBJC_IMPLEMENTATIONS = YES;
				CLANG_WARN_DIRECT_OBJC_ISA_USAGE = YES_ERROR;
				CLANG_WARN_DOCUMENTATION_COMMENTS = YES;
				CLANG_WARN_EMPTY_BODY = YES;
				CLANG_WARN_ENUM_CONVERSION = YES;
				CLANG_WARN_INFINITE_RECURSION = YES;
				CLANG_WARN_INT_CONVERSION = YES;
				CLANG_WARN_NON_LITERAL_NULL_CONVERSION = YES;
				CLANG_WARN_OBJC_IMPLICIT_RETAIN_SELF = YES;
				CLANG_WARN_OBJC_LITERAL_CONVERSION = YES;
				CLANG_WARN_OBJC_ROOT_CLASS = YES_ERROR;
				CLANG_WARN_QUOTED_INCLUDE_IN_FRAMEWORK_HEADER = YES;
				CLANG_WARN_RANGE_LOOP_ANALYSIS = YES;
				CLANG_WARN_STRICT_PROTOTYPES = YES;
				CLANG_WARN_SUSPICIOUS_MOVE = YES;
				CLANG_WARN_UNGUARDED_AVAILABILITY = YES_AGGRESSIVE;
				CLANG_WARN_UNREACHABLE_CODE = YES;
				CLANG_WARN__DUPLICATE_METHOD_MATCH = YES;
				COPY_PHASE_STRIP = NO;
				DEBUG_INFORMATION_FORMAT = dwarf;
				ENABLE_STRICT_OBJC_MSGSEND = YES;
				ENABLE_TESTABILITY = YES;
				GCC_C_LANGUAGE_STANDARD = gnu11;
				GCC_DYNAMIC_NO_PIC = NO;
				GCC_NO_COMMON_BLOCKS = YES;
				GCC_OPTIMIZATION_LEVEL = 0;
				GCC_PREPROCESSOR_DEFINITIONS = (
					"DEBUG=1",
					"$(inherited)",
				);
				GCC_WARN_64_TO_32_BIT_CONVERSION = YES;
				GCC_WARN_ABOUT_RETURN_TYPE = YES_ERROR;
				GCC_WARN_UNDECLARED_SELECTOR = YES;
				GCC_WARN_UNINITIALIZED_AUTOS = YES_AGGRESSIVE;
				GCC_WARN_UNUSED_FUNCTION = YES;
				GCC_WARN_UNUSED_VARIABLE = YES;
				IPHONEOS_DEPLOYMENT_TARGET = 15.2;
				MTL_ENABLE_DEBUG_INFO = INCLUDE_SOURCE;
				MTL_FAST_MATH = YES;
				ONLY_ACTIVE_ARCH = YES;
				SDKROOT = iphoneos;
			};
			name = Debug;
		};
		20A26BED28E14AA800ADB860 /* Release */ = {
			isa = XCBuildConfiguration;
			buildSettings = {
				ALWAYS_SEARCH_USER_PATHS = NO;
				CLANG_ANALYZER_NONNULL = YES;
				CLANG_ANALYZER_NUMBER_OBJECT_CONVERSION = YES_AGGRESSIVE;
				CLANG_CXX_LANGUAGE_STANDARD = "gnu++17";
				CLANG_CXX_LIBRARY = "libc++";
				CLANG_ENABLE_MODULES = YES;
				CLANG_ENABLE_OBJC_ARC = YES;
				CLANG_ENABLE_OBJC_WEAK = YES;
				CLANG_WARN_BLOCK_CAPTURE_AUTORELEASING = YES;
				CLANG_WARN_BOOL_CONVERSION = YES;
				CLANG_WARN_COMMA = YES;
				CLANG_WARN_CONSTANT_CONVERSION = YES;
				CLANG_WARN_DEPRECATED_OBJC_IMPLEMENTATIONS = YES;
				CLANG_WARN_DIRECT_OBJC_ISA_USAGE = YES_ERROR;
				CLANG_WARN_DOCUMENTATION_COMMENTS = YES;
				CLANG_WARN_EMPTY_BODY = YES;
				CLANG_WARN_ENUM_CONVERSION = YES;
				CLANG_WARN_INFINITE_RECURSION = YES;
				CLANG_WARN_INT_CONVERSION = YES;
				CLANG_WARN_NON_LITERAL_NULL_CONVERSION = YES;
				CLANG_WARN_OBJC_IMPLICIT_RETAIN_SELF = YES;
				CLANG_WARN_OBJC_LITERAL_CONVERSION = YES;
				CLANG_WARN_OBJC_ROOT_CLASS = YES_ERROR;
				CLANG_WARN_QUOTED_INCLUDE_IN_FRAMEWORK_HEADER = YES;
				CLANG_WARN_RANGE_LOOP_ANALYSIS = YES;
				CLANG_WARN_STRICT_PROTOTYPES = YES;
				CLANG_WARN_SUSPICIOUS_MOVE = YES;
				CLANG_WARN_UNGUARDED_AVAILABILITY = YES_AGGRESSIVE;
				CLANG_WARN_UNREACHABLE_CODE = YES;
				CLANG_WARN__DUPLICATE_METHOD_MATCH = YES;
				COPY_PHASE_STRIP = NO;
				DEBUG_INFORMATION_FORMAT = "dwarf-with-dsym";
				ENABLE_NS_ASSERTIONS = NO;
				ENABLE_STRICT_OBJC_MSGSEND = YES;
				GCC_C_LANGUAGE_STANDARD = gnu11;
				GCC_NO_COMMON_BLOCKS = YES;
				GCC_WARN_64_TO_32_BIT_CONVERSION = YES;
				GCC_WARN_ABOUT_RETURN_TYPE = YES_ERROR;
				GCC_WARN_UNDECLARED_SELECTOR = YES;
				GCC_WARN_UNINITIALIZED_AUTOS = YES_AGGRESSIVE;
				GCC_WARN_UNUSED_FUNCTION = YES;
				GCC_WARN_UNUSED_VARIABLE = YES;
				IPHONEOS_DEPLOYMENT_TARGET = 15.2;
				MTL_ENABLE_DEBUG_INFO = NO;
				MTL_FAST_MATH = YES;
				SDKROOT = iphoneos;
				VALIDATE_PRODUCT = YES;
			};
			name = Release;
		};
		20A26BEF28E14AA800ADB860 /* Debug */ = {
			isa = XCBuildConfiguration;
			buildSettings = {
				ASSETCATALOG_COMPILER_APPICON_NAME = AppIcon;
				ASSETCATALOG_COMPILER_GLOBAL_ACCENT_COLOR_NAME = AccentColor;
				CODE_SIGN_STYLE = Automatic;
				CURRENT_PROJECT_VERSION = 1;
				GENERATE_INFOPLIST_FILE = YES;
				INFOPLIST_FILE = ASyncSockdDemo/Info.plist;
				INFOPLIST_KEY_UIApplicationSupportsIndirectInputEvents = YES;
				INFOPLIST_KEY_UILaunchStoryboardName = LaunchScreen;
				INFOPLIST_KEY_UIMainStoryboardFile = Main;
				INFOPLIST_KEY_UISupportedInterfaceOrientations_iPad = "UIInterfaceOrientationPortrait UIInterfaceOrientationPortraitUpsideDown UIInterfaceOrientationLandscapeLeft UIInterfaceOrientationLandscapeRight";
				INFOPLIST_KEY_UISupportedInterfaceOrientations_iPhone = "UIInterfaceOrientationPortrait UIInterfaceOrientationLandscapeLeft UIInterfaceOrientationLandscapeRight";
				LD_RUNPATH_SEARCH_PATHS = (
					"$(inherited)",
					"@executable_path/Frameworks",
				);
				MARKETING_VERSION = 1.0;
				PRODUCT_BUNDLE_IDENTIFIER = com.onecloud.powerone.ASyncSockdDemo;
				PRODUCT_NAME = "$(TARGET_NAME)";
				SWIFT_EMIT_LOC_STRINGS = YES;
				TARGETED_DEVICE_FAMILY = "1,2";
			};
			name = Debug;
		};
		20A26BF028E14AA800ADB860 /* Release */ = {
			isa = XCBuildConfiguration;
			buildSettings = {
				ASSETCATALOG_COMPILER_APPICON_NAME = AppIcon;
				ASSETCATALOG_COMPILER_GLOBAL_ACCENT_COLOR_NAME = AccentColor;
				CODE_SIGN_STYLE = Automatic;
				CURRENT_PROJECT_VERSION = 1;
				GENERATE_INFOPLIST_FILE = YES;
				INFOPLIST_FILE = ASyncSockdDemo/Info.plist;
				INFOPLIST_KEY_UIApplicationSupportsIndirectInputEvents = YES;
				INFOPLIST_KEY_UILaunchStoryboardName = LaunchScreen;
				INFOPLIST_KEY_UIMainStoryboardFile = Main;
				INFOPLIST_KEY_UISupportedInterfaceOrientations_iPad = "UIInterfaceOrientationPortrait UIInterfaceOrientationPortraitUpsideDown UIInterfaceOrientationLandscapeLeft UIInterfaceOrientationLandscapeRight";
				INFOPLIST_KEY_UISupportedInterfaceOrientations_iPhone = "UIInterfaceOrientationPortrait UIInterfaceOrientationLandscapeLeft UIInterfaceOrientationLandscapeRight";
				LD_RUNPATH_SEARCH_PATHS = (
					"$(inherited)",
					"@executable_path/Frameworks",
				);
				MARKETING_VERSION = 1.0;
				PRODUCT_BUNDLE_IDENTIFIER = com.onecloud.powerone.ASyncSockdDemo;
				PRODUCT_NAME = "$(TARGET_NAME)";
				SWIFT_EMIT_LOC_STRINGS = YES;
				TARGETED_DEVICE_FAMILY = "1,2";
			};
			name = Release;
		};
/* End XCBuildConfiguration section */

/* Begin XCConfigurationList section */
		20A26BD028E14AA700ADB860 /* Build configuration list for PBXProject "ASyncSockdDemo" */ = {
			isa = XCConfigurationList;
			buildConfigurations = (
				20A26BEC28E14AA800ADB860 /* Debug */,
				20A26BED28E14AA800ADB860 /* Release */,
			);
			defaultConfigurationIsVisible = 0;
			defaultConfigurationName = Release;
		};
		20A26BEE28E14AA800ADB860 /* Build configuration list for PBXNativeTarget "ASyncSockdDemo" */ = {
			isa = XCConfigurationList;
			buildConfigurations = (
				20A26BEF28E14AA800ADB860 /* Debug */,
				20A26BF028E14AA800ADB860 /* Release */,
			);
			defaultConfigurationIsVisible = 0;
			defaultConfigurationName = Release;
		};
/* End XCConfigurationList section */
	};
	rootObject = 20A26BCD28E14AA700ADB860 /* Project object */;
}
